
Microsoft Visual Studio Solution File, Format Version 12.00
# Visual Studio Version 17
VisualStudioVersion = 17.3.32929.385
MinimumVisualStudioVersion = 10.0.40219.1
Project("{FAE04EC0-301F-11D3-BF4B-00C04F79EFBC}") = "LoginSystem_client", "LoginSystem_client\LoginSystem_client.csproj", "{4D6D5534-6EBB-4E60-9351-7C66943E13E1}"
EndProject
Global
	GlobalSection(SolutionConfigurationPlatforms) = preSolution
		Debug|Any CPU = Debug|Any CPU
		Release|Any CPU = Release|Any CPU
	EndGlobalSection
	GlobalSection(ProjectConfigurationPlatforms) = postSolution
		{4D6D5534-6EBB-4E60-9351-7C66943E13E1}.Debug|Any CPU.ActiveCfg = Debug|Any CPU
		{4D6D5534-6EBB-4E60-9351-7C66943E13E1}.Debug|Any CPU.Build.0 = Debug|Any CPU
		{4D6D5534-6EBB-4E60-9351-7C66943E13E1}.Release|Any CPU.ActiveCfg = Release|Any CPU
		{4D6D5534-6EBB-4E60-9351-7C66943E13E1}.Release|Any CPU.Build.0 = Release|Any CPU
	EndGlobalSection
	GlobalSection(SolutionProperties) = preSolution
		HideSolutionNode = FALSE
	EndGlobalSection
	GlobalSection(ExtensibilityGlobals) = postSolution
		SolutionGuid = {C3DE7C65-28C0-4BE9-89C6-6ED2B59BD29C}
	EndGlobalSection
EndGlobal
